// !$*UTF8*$!
{
	archiveVersion = 1;
	classes = {
	};
	objectVersion = 55;
	objects = {

/* Begin PBXBuildFile section */
		E2A256E228F856F70099BCF4 /* conway_game_of_lifeApp.swift in Sources */ = {isa = PBXBuildFile; fileRef = E2A256D228F856F60099BCF4 /* conway_game_of_lifeApp.swift */; };
		E2A256E328F856F70099BCF4 /* conway_game_of_lifeApp.swift in Sources */ = {isa = PBXBuildFile; fileRef = E2A256D228F856F60099BCF4 /* conway_game_of_lifeApp.swift */; };
		E2A256E428F856F70099BCF4 /* ContentView.swift in Sources */ = {isa = PBXBuildFile; fileRef = E2A256D328F856F60099BCF4 /* ContentView.swift */; };
		E2A256E528F856F70099BCF4 /* ContentView.swift in Sources */ = {isa = PBXBuildFile; fileRef = E2A256D328F856F60099BCF4 /* ContentView.swift */; };
		E2A256E628F856F70099BCF4 /* Assets.xcassets in Resources */ = {isa = PBXBuildFile; fileRef = E2A256D428F856F70099BCF4 /* Assets.xcassets */; };
		E2A256E728F856F70099BCF4 /* Assets.xcassets in Resources */ = {isa = PBXBuildFile; fileRef = E2A256D428F856F70099BCF4 /* Assets.xcassets */; };
		E2A256F228F8571E0099BCF4 /* MetalView.swift in Sources */ = {isa = PBXBuildFile; fileRef = E2A256F128F8571E0099BCF4 /* MetalView.swift */; };
		E2A256F328F8571E0099BCF4 /* MetalView.swift in Sources */ = {isa = PBXBuildFile; fileRef = E2A256F128F8571E0099BCF4 /* MetalView.swift */; };
		E2A256F628F85A510099BCF4 /* Renderer.swift in Sources */ = {isa = PBXBuildFile; fileRef = E2A256F528F85A510099BCF4 /* Renderer.swift */; };
		E2A256F728F85A510099BCF4 /* Renderer.swift in Sources */ = {isa = PBXBuildFile; fileRef = E2A256F528F85A510099BCF4 /* Renderer.swift */; };
		E2A256F928F85A5D0099BCF4 /* Hardware.swift in Sources */ = {isa = PBXBuildFile; fileRef = E2A256F828F85A5D0099BCF4 /* Hardware.swift */; };
		E2A256FA28F85A5D0099BCF4 /* Hardware.swift in Sources */ = {isa = PBXBuildFile; fileRef = E2A256F828F85A5D0099BCF4 /* Hardware.swift */; };
		E2A256FD28F85DCC0099BCF4 /* GridPrimitive.swift in Sources */ = {isa = PBXBuildFile; fileRef = E2A256FC28F85DCC0099BCF4 /* GridPrimitive.swift */; };
		E2A256FE28F85DCC0099BCF4 /* GridPrimitive.swift in Sources */ = {isa = PBXBuildFile; fileRef = E2A256FC28F85DCC0099BCF4 /* GridPrimitive.swift */; };
		E2A2570128F863FD0099BCF4 /* Grid.metal in Sources */ = {isa = PBXBuildFile; fileRef = E2A2570028F863FD0099BCF4 /* Grid.metal */; };
		E2A2570228F863FD0099BCF4 /* Grid.metal in Sources */ = {isa = PBXBuildFile; fileRef = E2A2570028F863FD0099BCF4 /* Grid.metal */; };
		E2A2570528F865A90099BCF4 /* MTLVertexDescriptor+Extensions.swift in Sources */ = {isa = PBXBuildFile; fileRef = E2A2570428F865A90099BCF4 /* MTLVertexDescriptor+Extensions.swift */; };
		E2A2570628F865A90099BCF4 /* MTLVertexDescriptor+Extensions.swift in Sources */ = {isa = PBXBuildFile; fileRef = E2A2570428F865A90099BCF4 /* MTLVertexDescriptor+Extensions.swift */; };
		E2A2570C28F8A73F0099BCF4 /* GridScene.swift in Sources */ = {isa = PBXBuildFile; fileRef = E2A2570B28F8A73F0099BCF4 /* GridScene.swift */; };
		E2A2570D28F8A73F0099BCF4 /* GridScene.swift in Sources */ = {isa = PBXBuildFile; fileRef = E2A2570B28F8A73F0099BCF4 /* GridScene.swift */; };
		E2A2570F28F8A77E0099BCF4 /* GameOfLifeScene.swift in Sources */ = {isa = PBXBuildFile; fileRef = E2A2570E28F8A77E0099BCF4 /* GameOfLifeScene.swift */; };
		E2A2571028F8A77E0099BCF4 /* GameOfLifeScene.swift in Sources */ = {isa = PBXBuildFile; fileRef = E2A2570E28F8A77E0099BCF4 /* GameOfLifeScene.swift */; };
		E2A2571328F8A8CB0099BCF4 /* Primitive.swift in Sources */ = {isa = PBXBuildFile; fileRef = E2A2571228F8A8CB0099BCF4 /* Primitive.swift */; };
		E2A2571428F8A8CB0099BCF4 /* Primitive.swift in Sources */ = {isa = PBXBuildFile; fileRef = E2A2571228F8A8CB0099BCF4 /* Primitive.swift */; };
		E2A2571628F8AC780099BCF4 /* ForegroundPrimitive.swift in Sources */ = {isa = PBXBuildFile; fileRef = E2A2571528F8AC780099BCF4 /* ForegroundPrimitive.swift */; };
		E2A2571728F8AC780099BCF4 /* ForegroundPrimitive.swift in Sources */ = {isa = PBXBuildFile; fileRef = E2A2571528F8AC780099BCF4 /* ForegroundPrimitive.swift */; };
		E2A2571928F8AE750099BCF4 /* GridController.swift in Sources */ = {isa = PBXBuildFile; fileRef = E2A2571828F8AE750099BCF4 /* GridController.swift */; };
		E2A2571A28F8AE750099BCF4 /* GridController.swift in Sources */ = {isa = PBXBuildFile; fileRef = E2A2571828F8AE750099BCF4 /* GridController.swift */; };
		E2A2571C28F8B1440099BCF4 /* Foreground.metal in Sources */ = {isa = PBXBuildFile; fileRef = E2A2571B28F8B1440099BCF4 /* Foreground.metal */; };
		E2A2571D28F8B1440099BCF4 /* Foreground.metal in Sources */ = {isa = PBXBuildFile; fileRef = E2A2571B28F8B1440099BCF4 /* Foreground.metal */; };
		E2A2572028F8B6560099BCF4 /* GridState.swift in Sources */ = {isa = PBXBuildFile; fileRef = E2A2571F28F8B6560099BCF4 /* GridState.swift */; };
		E2A2572128F8B6560099BCF4 /* GridState.swift in Sources */ = {isa = PBXBuildFile; fileRef = E2A2571F28F8B6560099BCF4 /* GridState.swift */; };
		E2A2572728F8D8EA0099BCF4 /* MTKViewPlus.swift in Sources */ = {isa = PBXBuildFile; fileRef = E2A2572628F8D8EA0099BCF4 /* MTKViewPlus.swift */; };
		E2A2572828F8D8EA0099BCF4 /* MTKViewPlus.swift in Sources */ = {isa = PBXBuildFile; fileRef = E2A2572628F8D8EA0099BCF4 /* MTKViewPlus.swift */; };
/* End PBXBuildFile section */

/* Begin PBXFileReference section */
		E2A256D228F856F60099BCF4 /* conway_game_of_lifeApp.swift */ = {isa = PBXFileReference; lastKnownFileType = sourcecode.swift; path = conway_game_of_lifeApp.swift; sourceTree = "<group>"; };
		E2A256D328F856F60099BCF4 /* ContentView.swift */ = {isa = PBXFileReference; lastKnownFileType = sourcecode.swift; path = ContentView.swift; sourceTree = "<group>"; };
		E2A256D428F856F70099BCF4 /* Assets.xcassets */ = {isa = PBXFileReference; lastKnownFileType = folder.assetcatalog; path = Assets.xcassets; sourceTree = "<group>"; };
		E2A256D928F856F70099BCF4 /* conway-game-of-life.app */ = {isa = PBXFileReference; explicitFileType = wrapper.application; includeInIndex = 0; path = "conway-game-of-life.app"; sourceTree = BUILT_PRODUCTS_DIR; };
		E2A256DF28F856F70099BCF4 /* conway-game-of-life.app */ = {isa = PBXFileReference; explicitFileType = wrapper.application; includeInIndex = 0; path = "conway-game-of-life.app"; sourceTree = BUILT_PRODUCTS_DIR; };
		E2A256E128F856F70099BCF4 /* macOS.entitlements */ = {isa = PBXFileReference; lastKnownFileType = text.plist.entitlements; path = macOS.entitlements; sourceTree = "<group>"; };
		E2A256F128F8571E0099BCF4 /* MetalView.swift */ = {isa = PBXFileReference; lastKnownFileType = sourcecode.swift; path = MetalView.swift; sourceTree = "<group>"; };
		E2A256F528F85A510099BCF4 /* Renderer.swift */ = {isa = PBXFileReference; lastKnownFileType = sourcecode.swift; path = Renderer.swift; sourceTree = "<group>"; };
		E2A256F828F85A5D0099BCF4 /* Hardware.swift */ = {isa = PBXFileReference; lastKnownFileType = sourcecode.swift; path = Hardware.swift; sourceTree = "<group>"; };
		E2A256FC28F85DCC0099BCF4 /* GridPrimitive.swift */ = {isa = PBXFileReference; lastKnownFileType = sourcecode.swift; path = GridPrimitive.swift; sourceTree = "<group>"; };
		E2A2570028F863FD0099BCF4 /* Grid.metal */ = {isa = PBXFileReference; lastKnownFileType = sourcecode.metal; path = Grid.metal; sourceTree = "<group>"; };
		E2A2570428F865A90099BCF4 /* MTLVertexDescriptor+Extensions.swift */ = {isa = PBXFileReference; lastKnownFileType = sourcecode.swift; path = "MTLVertexDescriptor+Extensions.swift"; sourceTree = "<group>"; };
		E2A2570728F869C50099BCF4 /* Common.h */ = {isa = PBXFileReference; lastKnownFileType = sourcecode.c.h; path = Common.h; sourceTree = "<group>"; };
		E2A2570B28F8A73F0099BCF4 /* GridScene.swift */ = {isa = PBXFileReference; lastKnownFileType = sourcecode.swift; path = GridScene.swift; sourceTree = "<group>"; };
		E2A2570E28F8A77E0099BCF4 /* GameOfLifeScene.swift */ = {isa = PBXFileReference; lastKnownFileType = sourcecode.swift; path = GameOfLifeScene.swift; sourceTree = "<group>"; };
		E2A2571228F8A8CB0099BCF4 /* Primitive.swift */ = {isa = PBXFileReference; lastKnownFileType = sourcecode.swift; path = Primitive.swift; sourceTree = "<group>"; };
		E2A2571528F8AC780099BCF4 /* ForegroundPrimitive.swift */ = {isa = PBXFileReference; lastKnownFileType = sourcecode.swift; path = ForegroundPrimitive.swift; sourceTree = "<group>"; };
		E2A2571828F8AE750099BCF4 /* GridController.swift */ = {isa = PBXFileReference; lastKnownFileType = sourcecode.swift; path = GridController.swift; sourceTree = "<group>"; };
		E2A2571B28F8B1440099BCF4 /* Foreground.metal */ = {isa = PBXFileReference; lastKnownFileType = sourcecode.metal; path = Foreground.metal; sourceTree = "<group>"; };
		E2A2571F28F8B6560099BCF4 /* GridState.swift */ = {isa = PBXFileReference; lastKnownFileType = sourcecode.swift; path = GridState.swift; sourceTree = "<group>"; };
		E2A2572628F8D8EA0099BCF4 /* MTKViewPlus.swift */ = {isa = PBXFileReference; lastKnownFileType = sourcecode.swift; path = MTKViewPlus.swift; sourceTree = "<group>"; };
/* End PBXFileReference section */

/* Begin PBXFrameworksBuildPhase section */
		E2A256D628F856F70099BCF4 /* Frameworks */ = {
			isa = PBXFrameworksBuildPhase;
			buildActionMask = 2147483647;
			files = (
			);
			runOnlyForDeploymentPostprocessing = 0;
		};
		E2A256DC28F856F70099BCF4 /* Frameworks */ = {
			isa = PBXFrameworksBuildPhase;
			buildActionMask = 2147483647;
			files = (
			);
			runOnlyForDeploymentPostprocessing = 0;
		};
/* End PBXFrameworksBuildPhase section */

/* Begin PBXGroup section */
		E2A256CC28F856F60099BCF4 = {
			isa = PBXGroup;
			children = (
				E2A256D128F856F60099BCF4 /* Shared */,
				E2A256E028F856F70099BCF4 /* macOS */,
				E2A256DA28F856F70099BCF4 /* Products */,
			);
			sourceTree = "<group>";
		};
		E2A256D128F856F60099BCF4 /* Shared */ = {
			isa = PBXGroup;
			children = (
				E2A256D228F856F60099BCF4 /* conway_game_of_lifeApp.swift */,
				E2A256FB28F85DC40099BCF4 /* Grid */,
				E2A2571128F8A8750099BCF4 /* Model */,
				E2A2570328F865A00099BCF4 /* Extensions */,
				E2A256F428F85A400099BCF4 /* Renderer */,
				E2A256FF28F863EE0099BCF4 /* Shader */,
				E2A256F028F857100099BCF4 /* SwiftUI */,
				E2A256D428F856F70099BCF4 /* Assets.xcassets */,
				E2A2570728F869C50099BCF4 /* Common.h */,
			);
			path = Shared;
			sourceTree = "<group>";
		};
		E2A256DA28F856F70099BCF4 /* Products */ = {
			isa = PBXGroup;
			children = (
				E2A256D928F856F70099BCF4 /* conway-game-of-life.app */,
				E2A256DF28F856F70099BCF4 /* conway-game-of-life.app */,
			);
			name = Products;
			sourceTree = "<group>";
		};
		E2A256E028F856F70099BCF4 /* macOS */ = {
			isa = PBXGroup;
			children = (
				E2A256E128F856F70099BCF4 /* macOS.entitlements */,
			);
			path = macOS;
			sourceTree = "<group>";
		};
		E2A256F028F857100099BCF4 /* SwiftUI */ = {
			isa = PBXGroup;
			children = (
				E2A256D328F856F60099BCF4 /* ContentView.swift */,
				E2A256F128F8571E0099BCF4 /* MetalView.swift */,
				E2A2572628F8D8EA0099BCF4 /* MTKViewPlus.swift */,
			);
			path = SwiftUI;
			sourceTree = "<group>";
		};
		E2A256F428F85A400099BCF4 /* Renderer */ = {
			isa = PBXGroup;
			children = (
				E2A256F528F85A510099BCF4 /* Renderer.swift */,
				E2A256F828F85A5D0099BCF4 /* Hardware.swift */,
			);
			path = Renderer;
			sourceTree = "<group>";
		};
		E2A256FB28F85DC40099BCF4 /* Grid */ = {
			isa = PBXGroup;
			children = (
				E2A2571E28F8B6460099BCF4 /* Scene */,
				E2A2570B28F8A73F0099BCF4 /* GridScene.swift */,
				E2A2571828F8AE750099BCF4 /* GridController.swift */,
			);
			path = Grid;
			sourceTree = "<group>";
		};
		E2A256FF28F863EE0099BCF4 /* Shader */ = {
			isa = PBXGroup;
			children = (
				E2A2570028F863FD0099BCF4 /* Grid.metal */,
				E2A2571B28F8B1440099BCF4 /* Foreground.metal */,
			);
			path = Shader;
			sourceTree = "<group>";
		};
		E2A2570328F865A00099BCF4 /* Extensions */ = {
			isa = PBXGroup;
			children = (
				E2A2570428F865A90099BCF4 /* MTLVertexDescriptor+Extensions.swift */,
			);
			path = Extensions;
			sourceTree = "<group>";
		};
		E2A2571128F8A8750099BCF4 /* Model */ = {
			isa = PBXGroup;
			children = (
				E2A2571528F8AC780099BCF4 /* ForegroundPrimitive.swift */,
				E2A256FC28F85DCC0099BCF4 /* GridPrimitive.swift */,
				E2A2571228F8A8CB0099BCF4 /* Primitive.swift */,
			);
			path = Model;
			sourceTree = "<group>";
		};
		E2A2571E28F8B6460099BCF4 /* Scene */ = {
			isa = PBXGroup;
			children = (
				E2A2570E28F8A77E0099BCF4 /* GameOfLifeScene.swift */,
				E2A2571F28F8B6560099BCF4 /* GridState.swift */,
			);
			path = Scene;
			sourceTree = "<group>";
		};
/* End PBXGroup section */

/* Begin PBXNativeTarget section */
		E2A256D828F856F70099BCF4 /* conway-game-of-life (iOS) */ = {
			isa = PBXNativeTarget;
			buildConfigurationList = E2A256EA28F856F70099BCF4 /* Build configuration list for PBXNativeTarget "conway-game-of-life (iOS)" */;
			buildPhases = (
				E2A256D528F856F70099BCF4 /* Sources */,
				E2A256D628F856F70099BCF4 /* Frameworks */,
				E2A256D728F856F70099BCF4 /* Resources */,
			);
			buildRules = (
			);
			dependencies = (
			);
			name = "conway-game-of-life (iOS)";
			productName = "conway-game-of-life (iOS)";
			productReference = E2A256D928F856F70099BCF4 /* conway-game-of-life.app */;
			productType = "com.apple.product-type.application";
		};
		E2A256DE28F856F70099BCF4 /* conway-game-of-life (macOS) */ = {
			isa = PBXNativeTarget;
			buildConfigurationList = E2A256ED28F856F70099BCF4 /* Build configuration list for PBXNativeTarget "conway-game-of-life (macOS)" */;
			buildPhases = (
				E2A256DB28F856F70099BCF4 /* Sources */,
				E2A256DC28F856F70099BCF4 /* Frameworks */,
				E2A256DD28F856F70099BCF4 /* Resources */,
			);
			buildRules = (
			);
			dependencies = (
			);
			name = "conway-game-of-life (macOS)";
			productName = "conway-game-of-life (macOS)";
			productReference = E2A256DF28F856F70099BCF4 /* conway-game-of-life.app */;
			productType = "com.apple.product-type.application";
		};
/* End PBXNativeTarget section */

/* Begin PBXProject section */
		E2A256CD28F856F60099BCF4 /* Project object */ = {
			isa = PBXProject;
			attributes = {
				BuildIndependentTargetsInParallel = 1;
				LastSwiftUpdateCheck = 1340;
				LastUpgradeCheck = 1340;
				TargetAttributes = {
					E2A256D828F856F70099BCF4 = {
						CreatedOnToolsVersion = 13.4;
					};
					E2A256DE28F856F70099BCF4 = {
						CreatedOnToolsVersion = 13.4;
					};
				};
			};
			buildConfigurationList = E2A256D028F856F60099BCF4 /* Build configuration list for PBXProject "conway-game-of-life" */;
			compatibilityVersion = "Xcode 13.0";
			developmentRegion = en;
			hasScannedForEncodings = 0;
			knownRegions = (
				en,
				Base,
			);
			mainGroup = E2A256CC28F856F60099BCF4;
			productRefGroup = E2A256DA28F856F70099BCF4 /* Products */;
			projectDirPath = "";
			projectRoot = "";
			targets = (
				E2A256D828F856F70099BCF4 /* conway-game-of-life (iOS) */,
				E2A256DE28F856F70099BCF4 /* conway-game-of-life (macOS) */,
			);
		};
/* End PBXProject section */

/* Begin PBXResourcesBuildPhase section */
		E2A256D728F856F70099BCF4 /* Resources */ = {
			isa = PBXResourcesBuildPhase;
			buildActionMask = 2147483647;
			files = (
				E2A256E628F856F70099BCF4 /* Assets.xcassets in Resources */,
			);
			runOnlyForDeploymentPostprocessing = 0;
		};
		E2A256DD28F856F70099BCF4 /* Resources */ = {
			isa = PBXResourcesBuildPhase;
			buildActionMask = 2147483647;
			files = (
				E2A256E728F856F70099BCF4 /* Assets.xcassets in Resources */,
			);
			runOnlyForDeploymentPostprocessing = 0;
		};
/* End PBXResourcesBuildPhase section */

/* Begin PBXSourcesBuildPhase section */
		E2A256D528F856F70099BCF4 /* Sources */ = {
			isa = PBXSourcesBuildPhase;
			buildActionMask = 2147483647;
			files = (
				E2A256F628F85A510099BCF4 /* Renderer.swift in Sources */,
				E2A2571928F8AE750099BCF4 /* GridController.swift in Sources */,
				E2A256F228F8571E0099BCF4 /* MetalView.swift in Sources */,
				E2A256F928F85A5D0099BCF4 /* Hardware.swift in Sources */,
				E2A2571328F8A8CB0099BCF4 /* Primitive.swift in Sources */,
				E2A2570C28F8A73F0099BCF4 /* GridScene.swift in Sources */,
				E2A256E428F856F70099BCF4 /* ContentView.swift in Sources */,
				E2A2572728F8D8EA0099BCF4 /* MTKViewPlus.swift in Sources */,
				E2A2570528F865A90099BCF4 /* MTLVertexDescriptor+Extensions.swift in Sources */,
				E2A2571C28F8B1440099BCF4 /* Foreground.metal in Sources */,
				E2A256E228F856F70099BCF4 /* conway_game_of_lifeApp.swift in Sources */,
				E2A2570F28F8A77E0099BCF4 /* GameOfLifeScene.swift in Sources */,
				E2A2572028F8B6560099BCF4 /* GridState.swift in Sources */,
				E2A2570128F863FD0099BCF4 /* Grid.metal in Sources */,
				E2A256FD28F85DCC0099BCF4 /* GridPrimitive.swift in Sources */,
				E2A2571628F8AC780099BCF4 /* ForegroundPrimitive.swift in Sources */,
			);
			runOnlyForDeploymentPostprocessing = 0;
		};
		E2A256DB28F856F70099BCF4 /* Sources */ = {
			isa = PBXSourcesBuildPhase;
			buildActionMask = 2147483647;
			files = (
				E2A256F728F85A510099BCF4 /* Renderer.swift in Sources */,
				E2A2571A28F8AE750099BCF4 /* GridController.swift in Sources */,
				E2A256F328F8571E0099BCF4 /* MetalView.swift in Sources */,
				E2A256FA28F85A5D0099BCF4 /* Hardware.swift in Sources */,
				E2A2571428F8A8CB0099BCF4 /* Primitive.swift in Sources */,
				E2A2570D28F8A73F0099BCF4 /* GridScene.swift in Sources */,
				E2A256E528F856F70099BCF4 /* ContentView.swift in Sources */,
				E2A2572828F8D8EA0099BCF4 /* MTKViewPlus.swift in Sources */,
				E2A2570628F865A90099BCF4 /* MTLVertexDescriptor+Extensions.swift in Sources */,
				E2A2571D28F8B1440099BCF4 /* Foreground.metal in Sources */,
				E2A256E328F856F70099BCF4 /* conway_game_of_lifeApp.swift in Sources */,
				E2A2571028F8A77E0099BCF4 /* GameOfLifeScene.swift in Sources */,
				E2A2572128F8B6560099BCF4 /* GridState.swift in Sources */,
				E2A2570228F863FD0099BCF4 /* Grid.metal in Sources */,
				E2A256FE28F85DCC0099BCF4 /* GridPrimitive.swift in Sources */,
				E2A2571728F8AC780099BCF4 /* ForegroundPrimitive.swift in Sources */,
			);
			runOnlyForDeploymentPostprocessing = 0;
		};
/* End PBXSourcesBuildPhase section */

/* Begin XCBuildConfiguration section */
		E2A256E828F856F70099BCF4 /* Debug */ = {
			isa = XCBuildConfiguration;
			buildSettings = {
				ALWAYS_SEARCH_USER_PATHS = NO;
				CLANG_ANALYZER_NONNULL = YES;
				CLANG_ANALYZER_NUMBER_OBJECT_CONVERSION = YES_AGGRESSIVE;
				CLANG_CXX_LANGUAGE_STANDARD = "gnu++17";
				CLANG_ENABLE_MODULES = YES;
				CLANG_ENABLE_OBJC_ARC = YES;
				CLANG_ENABLE_OBJC_WEAK = YES;
				CLANG_WARN_BLOCK_CAPTURE_AUTORELEASING = YES;
				CLANG_WARN_BOOL_CONVERSION = YES;
				CLANG_WARN_COMMA = YES;
				CLANG_WARN_CONSTANT_CONVERSION = YES;
				CLANG_WARN_DEPRECATED_OBJC_IMPLEMENTATIONS = YES;
				CLANG_WARN_DIRECT_OBJC_ISA_USAGE = YES_ERROR;
				CLANG_WARN_DOCUMENTATION_COMMENTS = YES;
				CLANG_WARN_EMPTY_BODY = YES;
				CLANG_WARN_ENUM_CONVERSION = YES;
				CLANG_WARN_INFINITE_RECURSION = YES;
				CLANG_WARN_INT_CONVERSION = YES;
				CLANG_WARN_NON_LITERAL_NULL_CONVERSION = YES;
				CLANG_WARN_OBJC_IMPLICIT_RETAIN_SELF = YES;
				CLANG_WARN_OBJC_LITERAL_CONVERSION = YES;
				CLANG_WARN_OBJC_ROOT_CLASS = YES_ERROR;
				CLANG_WARN_QUOTED_INCLUDE_IN_FRAMEWORK_HEADER = YES;
				CLANG_WARN_RANGE_LOOP_ANALYSIS = YES;
				CLANG_WARN_STRICT_PROTOTYPES = YES;
				CLANG_WARN_SUSPICIOUS_MOVE = YES;
				CLANG_WARN_UNGUARDED_AVAILABILITY = YES_AGGRESSIVE;
				CLANG_WARN_UNREACHABLE_CODE = YES;
				CLANG_WARN__DUPLICATE_METHOD_MATCH = YES;
				COPY_PHASE_STRIP = NO;
				DEBUG_INFORMATION_FORMAT = dwarf;
				ENABLE_STRICT_OBJC_MSGSEND = YES;
				ENABLE_TESTABILITY = YES;
				GCC_C_LANGUAGE_STANDARD = gnu11;
				GCC_DYNAMIC_NO_PIC = NO;
				GCC_NO_COMMON_BLOCKS = YES;
				GCC_OPTIMIZATION_LEVEL = 0;
				GCC_PREPROCESSOR_DEFINITIONS = (
					"DEBUG=1",
					"$(inherited)",
				);
				GCC_WARN_64_TO_32_BIT_CONVERSION = YES;
				GCC_WARN_ABOUT_RETURN_TYPE = YES_ERROR;
				GCC_WARN_UNDECLARED_SELECTOR = YES;
				GCC_WARN_UNINITIALIZED_AUTOS = YES_AGGRESSIVE;
				GCC_WARN_UNUSED_FUNCTION = YES;
				GCC_WARN_UNUSED_VARIABLE = YES;
				MTL_ENABLE_DEBUG_INFO = INCLUDE_SOURCE;
				MTL_FAST_MATH = YES;
				ONLY_ACTIVE_ARCH = YES;
				SWIFT_ACTIVE_COMPILATION_CONDITIONS = DEBUG;
				SWIFT_OPTIMIZATION_LEVEL = "-Onone";
			};
			name = Debug;
		};
		E2A256E928F856F70099BCF4 /* Release */ = {
			isa = XCBuildConfiguration;
			buildSettings = {
				ALWAYS_SEARCH_USER_PATHS = NO;
				CLANG_ANALYZER_NONNULL = YES;
				CLANG_ANALYZER_NUMBER_OBJECT_CONVERSION = YES_AGGRESSIVE;
				CLANG_CXX_LANGUAGE_STANDARD = "gnu++17";
				CLANG_ENABLE_MODULES = YES;
				CLANG_ENABLE_OBJC_ARC = YES;
				CLANG_ENABLE_OBJC_WEAK = YES;
				CLANG_WARN_BLOCK_CAPTURE_AUTORELEASING = YES;
				CLANG_WARN_BOOL_CONVERSION = YES;
				CLANG_WARN_COMMA = YES;
				CLANG_WARN_CONSTANT_CONVERSION = YES;
				CLANG_WARN_DEPRECATED_OBJC_IMPLEMENTATIONS = YES;
				CLANG_WARN_DIRECT_OBJC_ISA_USAGE = YES_ERROR;
				CLANG_WARN_DOCUMENTATION_COMMENTS = YES;
				CLANG_WARN_EMPTY_BODY = YES;
				CLANG_WARN_ENUM_CONVERSION = YES;
				CLANG_WARN_INFINITE_RECURSION = YES;
				CLANG_WARN_INT_CONVERSION = YES;
				CLANG_WARN_NON_LITERAL_NULL_CONVERSION = YES;
				CLANG_WARN_OBJC_IMPLICIT_RETAIN_SELF = YES;
				CLANG_WARN_OBJC_LITERAL_CONVERSION = YES;
				CLANG_WARN_OBJC_ROOT_CLASS = YES_ERROR;
				CLANG_WARN_QUOTED_INCLUDE_IN_FRAMEWORK_HEADER = YES;
				CLANG_WARN_RANGE_LOOP_ANALYSIS = YES;
				CLANG_WARN_STRICT_PROTOTYPES = YES;
				CLANG_WARN_SUSPICIOUS_MOVE = YES;
				CLANG_WARN_UNGUARDED_AVAILABILITY = YES_AGGRESSIVE;
				CLANG_WARN_UNREACHABLE_CODE = YES;
				CLANG_WARN__DUPLICATE_METHOD_MATCH = YES;
				COPY_PHASE_STRIP = NO;
				DEBUG_INFORMATION_FORMAT = "dwarf-with-dsym";
				ENABLE_NS_ASSERTIONS = NO;
				ENABLE_STRICT_OBJC_MSGSEND = YES;
				GCC_C_LANGUAGE_STANDARD = gnu11;
				GCC_NO_COMMON_BLOCKS = YES;
				GCC_WARN_64_TO_32_BIT_CONVERSION = YES;
				GCC_WARN_ABOUT_RETURN_TYPE = YES_ERROR;
				GCC_WARN_UNDECLARED_SELECTOR = YES;
				GCC_WARN_UNINITIALIZED_AUTOS = YES_AGGRESSIVE;
				GCC_WARN_UNUSED_FUNCTION = YES;
				GCC_WARN_UNUSED_VARIABLE = YES;
				MTL_ENABLE_DEBUG_INFO = NO;
				MTL_FAST_MATH = YES;
				SWIFT_COMPILATION_MODE = wholemodule;
				SWIFT_OPTIMIZATION_LEVEL = "-O";
			};
			name = Release;
		};
		E2A256EB28F856F70099BCF4 /* Debug */ = {
			isa = XCBuildConfiguration;
			buildSettings = {
				ASSETCATALOG_COMPILER_APPICON_NAME = AppIcon;
				ASSETCATALOG_COMPILER_GLOBAL_ACCENT_COLOR_NAME = AccentColor;
				CODE_SIGN_STYLE = Automatic;
				CURRENT_PROJECT_VERSION = 1;
				DEVELOPMENT_TEAM = 2XHZ3SQBU4;
				ENABLE_PREVIEWS = YES;
				GENERATE_INFOPLIST_FILE = YES;
				INFOPLIST_KEY_UIApplicationSceneManifest_Generation = YES;
				INFOPLIST_KEY_UIApplicationSupportsIndirectInputEvents = YES;
				INFOPLIST_KEY_UILaunchScreen_Generation = YES;
				INFOPLIST_KEY_UISupportedInterfaceOrientations_iPad = "UIInterfaceOrientationPortrait UIInterfaceOrientationPortraitUpsideDown UIInterfaceOrientationLandscapeLeft UIInterfaceOrientationLandscapeRight";
				INFOPLIST_KEY_UISupportedInterfaceOrientations_iPhone = "UIInterfaceOrientationPortrait UIInterfaceOrientationLandscapeLeft UIInterfaceOrientationLandscapeRight";
				IPHONEOS_DEPLOYMENT_TARGET = 15.5;
				LD_RUNPATH_SEARCH_PATHS = (
					"$(inherited)",
					"@executable_path/Frameworks",
				);
				MARKETING_VERSION = 1.0;
				PRODUCT_BUNDLE_IDENTIFIER = "probably.conway-game-of-life";
				PRODUCT_NAME = "conway-game-of-life";
				SDKROOT = iphoneos;
				SWIFT_EMIT_LOC_STRINGS = YES;
				SWIFT_OBJC_BRIDGING_HEADER = Shared/Common.h;
				SWIFT_VERSION = 5.0;
				TARGETED_DEVICE_FAMILY = "1,2";
			};
			name = Debug;
		};
		E2A256EC28F856F70099BCF4 /* Release */ = {
			isa = XCBuildConfiguration;
			buildSettings = {
				ASSETCATALOG_COMPILER_APPICON_NAME = AppIcon;
				ASSETCATALOG_COMPILER_GLOBAL_ACCENT_COLOR_NAME = AccentColor;
				CODE_SIGN_STYLE = Automatic;
				CURRENT_PROJECT_VERSION = 1;
				DEVELOPMENT_TEAM = 2XHZ3SQBU4;
				ENABLE_PREVIEWS = YES;
				GENERATE_INFOPLIST_FILE = YES;
				INFOPLIST_KEY_UIApplicationSceneManifest_Generation = YES;
				INFOPLIST_KEY_UIApplicationSupportsIndirectInputEvents = YES;
				INFOPLIST_KEY_UILaunchScreen_Generation = YES;
				INFOPLIST_KEY_UISupportedInterfaceOrientations_iPad = "UIInterfaceOrientationPortrait UIInterfaceOrientationPortraitUpsideDown UIInterfaceOrientationLandscapeLeft UIInterfaceOrientationLandscapeRight";
				INFOPLIST_KEY_UISupportedInterfaceOrientations_iPhone = "UIInterfaceOrientationPortrait UIInterfaceOrientationLandscapeLeft UIInterfaceOrientationLandscapeRight";
				IPHONEOS_DEPLOYMENT_TARGET = 15.5;
				LD_RUNPATH_SEARCH_PATHS = (
					"$(inherited)",
					"@executable_path/Frameworks",
				);
				MARKETING_VERSION = 1.0;
				PRODUCT_BUNDLE_IDENTIFIER = "probably.conway-game-of-life";
				PRODUCT_NAME = "conway-game-of-life";
				SDKROOT = iphoneos;
				SWIFT_EMIT_LOC_STRINGS = YES;
				SWIFT_OBJC_BRIDGING_HEADER = Shared/Common.h;
				SWIFT_VERSION = 5.0;
				TARGETED_DEVICE_FAMILY = "1,2";
				VALIDATE_PRODUCT = YES;
			};
			name = Release;
		};
		E2A256EE28F856F70099BCF4 /* Debug */ = {
			isa = XCBuildConfiguration;
			buildSettings = {
				ASSETCATALOG_COMPILER_APPICON_NAME = AppIcon;
				ASSETCATALOG_COMPILER_GLOBAL_ACCENT_COLOR_NAME = AccentColor;
				CODE_SIGN_ENTITLEMENTS = macOS/macOS.entitlements;
				CODE_SIGN_STYLE = Automatic;
				COMBINE_HIDPI_IMAGES = YES;
				CURRENT_PROJECT_VERSION = 1;
				DEVELOPMENT_TEAM = 2XHZ3SQBU4;
				ENABLE_HARDENED_RUNTIME = YES;
				ENABLE_PREVIEWS = YES;
				GENERATE_INFOPLIST_FILE = YES;
				INFOPLIST_KEY_NSHumanReadableCopyright = "";
				LD_RUNPATH_SEARCH_PATHS = (
					"$(inherited)",
					"@executable_path/../Frameworks",
				);
				MACOSX_DEPLOYMENT_TARGET = 12.3;
				MARKETING_VERSION = 1.0;
				PRODUCT_BUNDLE_IDENTIFIER = "probably.conway-game-of-life";
				PRODUCT_NAME = "conway-game-of-life";
				SDKROOT = macosx;
				SWIFT_EMIT_LOC_STRINGS = YES;
				SWIFT_OBJC_BRIDGING_HEADER = Shared/Common.h;
				SWIFT_VERSION = 5.0;
			};
			name = Debug;
		};
		E2A256EF28F856F70099BCF4 /* Release */ = {
			isa = XCBuildConfiguration;
			buildSettings = {
				ASSETCATALOG_COMPILER_APPICON_NAME = AppIcon;
				ASSETCATALOG_COMPILER_GLOBAL_ACCENT_COLOR_NAME = AccentColor;
				CODE_SIGN_ENTITLEMENTS = macOS/macOS.entitlements;
				CODE_SIGN_STYLE = Automatic;
				COMBINE_HIDPI_IMAGES = YES;
				CURRENT_PROJECT_VERSION = 1;
				DEVELOPMENT_TEAM = 2XHZ3SQBU4;
				ENABLE_HARDENED_RUNTIME = YES;
				ENABLE_PREVIEWS = YES;
				GENERATE_INFOPLIST_FILE = YES;
				INFOPLIST_KEY_NSHumanReadableCopyright = "";
				LD_RUNPATH_SEARCH_PATHS = (
					"$(inherited)",
					"@executable_path/../Frameworks",
				);
				MACOSX_DEPLOYMENT_TARGET = 12.3;
				MARKETING_VERSION = 1.0;
				PRODUCT_BUNDLE_IDENTIFIER = "probably.conway-game-of-life";
				PRODUCT_NAME = "conway-game-of-life";
				SDKROOT = macosx;
				SWIFT_EMIT_LOC_STRINGS = YES;
				SWIFT_OBJC_BRIDGING_HEADER = Shared/Common.h;
				SWIFT_VERSION = 5.0;
			};
			name = Release;
		};
/* End XCBuildConfiguration section */

/* Begin XCConfigurationList section */
		E2A256D028F856F60099BCF4 /* Build configuration list for PBXProject "conway-game-of-life" */ = {
			isa = XCConfigurationList;
			buildConfigurations = (
				E2A256E828F856F70099BCF4 /* Debug */,
				E2A256E928F856F70099BCF4 /* Release */,
			);
			defaultConfigurationIsVisible = 0;
			defaultConfigurationName = Release;
		};
		E2A256EA28F856F70099BCF4 /* Build configuration list for PBXNativeTarget "conway-game-of-life (iOS)" */ = {
			isa = XCConfigurationList;
			buildConfigurations = (
				E2A256EB28F856F70099BCF4 /* Debug */,
				E2A256EC28F856F70099BCF4 /* Release */,
			);
			defaultConfigurationIsVisible = 0;
			defaultConfigurationName = Release;
		};
		E2A256ED28F856F70099BCF4 /* Build configuration list for PBXNativeTarget "conway-game-of-life (macOS)" */ = {
			isa = XCConfigurationList;
			buildConfigurations = (
				E2A256EE28F856F70099BCF4 /* Debug */,
				E2A256EF28F856F70099BCF4 /* Release */,
			);
			defaultConfigurationIsVisible = 0;
			defaultConfigurationName = Release;
		};
/* End XCConfigurationList section */
	};
	rootObject = E2A256CD28F856F60099BCF4 /* Project object */;
}
